
Microsoft Visual Studio Solution File, Format Version 12.00
# Visual Studio Version 17
VisualStudioVersion = 17.0.31903.59
MinimumVisualStudioVersion = 10.0.40219.1
Project("{2150E333-8FDC-42A3-9474-1A3956D46DE8}") = "opentwins-orchestrator", "opentwins-orchestrator", "{64310648-DEA8-CF23-62BC-56A333385652}"
EndProject
Project("{2150E333-8FDC-42A3-9474-1A3956D46DE8}") = "src", "src", "{CAF307C6-29D0-F909-CFDC-E1B43A1AC729}"
EndProject
Project("{FAE04EC0-301F-11D3-BF4B-00C04F79EFBC}") = "Orchestrator", "opentwins-orchestrator\src\Orchestrator\Orchestrator.csproj", "{5A2E9885-4E5E-4EBA-951A-1B03689CC568}"
EndProject
Project("{2150E333-8FDC-42A3-9474-1A3956D46DE8}") = "opentwins-twins", "opentwins-twins", "{7971156F-B00A-BBC3-E658-18BA790449ED}"
EndProject
Project("{2150E333-8FDC-42A3-9474-1A3956D46DE8}") = "src", "src", "{C5F4A0FF-39AB-DA72-E5F8-2E689E384C56}"
EndProject
Project("{FAE04EC0-301F-11D3-BF4B-00C04F79EFBC}") = "Twins", "opentwins-twins\src\Twins\Twins.csproj", "{6527EB8B-12DD-4D0D-AEED-DFFB585375F9}"
EndProject
Project("{2150E333-8FDC-42A3-9474-1A3956D46DE8}") = "opentwins-things", "opentwins-things", "{BC91B771-0C50-34A0-FAE6-CC54FFD6F584}"
EndProject
Project("{2150E333-8FDC-42A3-9474-1A3956D46DE8}") = "src", "src", "{76ECB2CC-92EA-CF3A-4D3C-9D6BD46077F4}"
EndProject
Project("{FAE04EC0-301F-11D3-BF4B-00C04F79EFBC}") = "Things", "opentwins-things\src\Things\Things.csproj", "{AB7D612F-A9A2-40D8-9332-58A7A09D7F09}"
EndProject
Project("{2150E333-8FDC-42A3-9474-1A3956D46DE8}") = "test", "test", "{96195B7A-3300-29BA-B2F7-70575DCD55B3}"
EndProject
Project("{FAE04EC0-301F-11D3-BF4B-00C04F79EFBC}") = "ThingsTest", "opentwins-things\test\ThingsTest\ThingsTest.csproj", "{EE365F54-EAC8-4B39-87B5-A0845D13D690}"
EndProject
Global
	GlobalSection(SolutionConfigurationPlatforms) = preSolution
		Debug|Any CPU = Debug|Any CPU
		Debug|x64 = Debug|x64
		Debug|x86 = Debug|x86
		Release|Any CPU = Release|Any CPU
		Release|x64 = Release|x64
		Release|x86 = Release|x86
	EndGlobalSection
	GlobalSection(ProjectConfigurationPlatforms) = postSolution
		{5A2E9885-4E5E-4EBA-951A-1B03689CC568}.Debug|Any CPU.ActiveCfg = Debug|Any CPU
		{5A2E9885-4E5E-4EBA-951A-1B03689CC568}.Debug|Any CPU.Build.0 = Debug|Any CPU
		{5A2E9885-4E5E-4EBA-951A-1B03689CC568}.Debug|x64.ActiveCfg = Debug|Any CPU
		{5A2E9885-4E5E-4EBA-951A-1B03689CC568}.Debug|x64.Build.0 = Debug|Any CPU
		{5A2E9885-4E5E-4EBA-951A-1B03689CC568}.Debug|x86.ActiveCfg = Debug|Any CPU
		{5A2E9885-4E5E-4EBA-951A-1B03689CC568}.Debug|x86.Build.0 = Debug|Any CPU
		{5A2E9885-4E5E-4EBA-951A-1B03689CC568}.Release|Any CPU.ActiveCfg = Release|Any CPU
		{5A2E9885-4E5E-4EBA-951A-1B03689CC568}.Release|Any CPU.Build.0 = Release|Any CPU
		{5A2E9885-4E5E-4EBA-951A-1B03689CC568}.Release|x64.ActiveCfg = Release|Any CPU
		{5A2E9885-4E5E-4EBA-951A-1B03689CC568}.Release|x64.Build.0 = Release|Any CPU
		{5A2E9885-4E5E-4EBA-951A-1B03689CC568}.Release|x86.ActiveCfg = Release|Any CPU
		{5A2E9885-4E5E-4EBA-951A-1B03689CC568}.Release|x86.Build.0 = Release|Any CPU
		{6527EB8B-12DD-4D0D-AEED-DFFB585375F9}.Debug|Any CPU.ActiveCfg = Debug|Any CPU
		{6527EB8B-12DD-4D0D-AEED-DFFB585375F9}.Debug|Any CPU.Build.0 = Debug|Any CPU
		{6527EB8B-12DD-4D0D-AEED-DFFB585375F9}.Debug|x64.ActiveCfg = Debug|Any CPU
		{6527EB8B-12DD-4D0D-AEED-DFFB585375F9}.Debug|x64.Build.0 = Debug|Any CPU
		{6527EB8B-12DD-4D0D-AEED-DFFB585375F9}.Debug|x86.ActiveCfg = Debug|Any CPU
		{6527EB8B-12DD-4D0D-AEED-DFFB585375F9}.Debug|x86.Build.0 = Debug|Any CPU
		{6527EB8B-12DD-4D0D-AEED-DFFB585375F9}.Release|Any CPU.ActiveCfg = Release|Any CPU
		{6527EB8B-12DD-4D0D-AEED-DFFB585375F9}.Release|Any CPU.Build.0 = Release|Any CPU
		{6527EB8B-12DD-4D0D-AEED-DFFB585375F9}.Release|x64.ActiveCfg = Release|Any CPU
		{6527EB8B-12DD-4D0D-AEED-DFFB585375F9}.Release|x64.Build.0 = Release|Any CPU
		{6527EB8B-12DD-4D0D-AEED-DFFB585375F9}.Release|x86.ActiveCfg = Release|Any CPU
		{6527EB8B-12DD-4D0D-AEED-DFFB585375F9}.Release|x86.Build.0 = Release|Any CPU
		{AB7D612F-A9A2-40D8-9332-58A7A09D7F09}.Debug|Any CPU.ActiveCfg = Debug|Any CPU
		{AB7D612F-A9A2-40D8-9332-58A7A09D7F09}.Debug|Any CPU.Build.0 = Debug|Any CPU
		{AB7D612F-A9A2-40D8-9332-58A7A09D7F09}.Debug|x64.ActiveCfg = Debug|Any CPU
		{AB7D612F-A9A2-40D8-9332-58A7A09D7F09}.Debug|x64.Build.0 = Debug|Any CPU
		{AB7D612F-A9A2-40D8-9332-58A7A09D7F09}.Debug|x86.ActiveCfg = Debug|Any CPU
		{AB7D612F-A9A2-40D8-9332-58A7A09D7F09}.Debug|x86.Build.0 = Debug|Any CPU
		{AB7D612F-A9A2-40D8-9332-58A7A09D7F09}.Release|Any CPU.ActiveCfg = Release|Any CPU
		{AB7D612F-A9A2-40D8-9332-58A7A09D7F09}.Release|Any CPU.Build.0 = Release|Any CPU
		{AB7D612F-A9A2-40D8-9332-58A7A09D7F09}.Release|x64.ActiveCfg = Release|Any CPU
		{AB7D612F-A9A2-40D8-9332-58A7A09D7F09}.Release|x64.Build.0 = Release|Any CPU
		{AB7D612F-A9A2-40D8-9332-58A7A09D7F09}.Release|x86.ActiveCfg = Release|Any CPU
		{AB7D612F-A9A2-40D8-9332-58A7A09D7F09}.Release|x86.Build.0 = Release|Any CPU
		{EE365F54-EAC8-4B39-87B5-A0845D13D690}.Debug|Any CPU.ActiveCfg = Debug|Any CPU
		{EE365F54-EAC8-4B39-87B5-A0845D13D690}.Debug|Any CPU.Build.0 = Debug|Any CPU
		{EE365F54-EAC8-4B39-87B5-A0845D13D690}.Debug|x64.ActiveCfg = Debug|Any CPU
		{EE365F54-EAC8-4B39-87B5-A0845D13D690}.Debug|x64.Build.0 = Debug|Any CPU
		{EE365F54-EAC8-4B39-87B5-A0845D13D690}.Debug|x86.ActiveCfg = Debug|Any CPU
		{EE365F54-EAC8-4B39-87B5-A0845D13D690}.Debug|x86.Build.0 = Debug|Any CPU
		{EE365F54-EAC8-4B39-87B5-A0845D13D690}.Release|Any CPU.ActiveCfg = Release|Any CPU
		{EE365F54-EAC8-4B39-87B5-A0845D13D690}.Release|Any CPU.Build.0 = Release|Any CPU
		{EE365F54-EAC8-4B39-87B5-A0845D13D690}.Release|x64.ActiveCfg = Release|Any CPU
		{EE365F54-EAC8-4B39-87B5-A0845D13D690}.Release|x64.Build.0 = Release|Any CPU
		{EE365F54-EAC8-4B39-87B5-A0845D13D690}.Release|x86.ActiveCfg = Release|Any CPU
		{EE365F54-EAC8-4B39-87B5-A0845D13D690}.Release|x86.Build.0 = Release|Any CPU
	EndGlobalSection
	GlobalSection(SolutionProperties) = preSolution
		HideSolutionNode = FALSE
	EndGlobalSection
	GlobalSection(NestedProjects) = preSolution
		{CAF307C6-29D0-F909-CFDC-E1B43A1AC729} = {64310648-DEA8-CF23-62BC-56A333385652}
		{5A2E9885-4E5E-4EBA-951A-1B03689CC568} = {CAF307C6-29D0-F909-CFDC-E1B43A1AC729}
		{C5F4A0FF-39AB-DA72-E5F8-2E689E384C56} = {7971156F-B00A-BBC3-E658-18BA790449ED}
		{6527EB8B-12DD-4D0D-AEED-DFFB585375F9} = {C5F4A0FF-39AB-DA72-E5F8-2E689E384C56}
		{76ECB2CC-92EA-CF3A-4D3C-9D6BD46077F4} = {BC91B771-0C50-34A0-FAE6-CC54FFD6F584}
		{AB7D612F-A9A2-40D8-9332-58A7A09D7F09} = {76ECB2CC-92EA-CF3A-4D3C-9D6BD46077F4}
		{96195B7A-3300-29BA-B2F7-70575DCD55B3} = {BC91B771-0C50-34A0-FAE6-CC54FFD6F584}
		{EE365F54-EAC8-4B39-87B5-A0845D13D690} = {96195B7A-3300-29BA-B2F7-70575DCD55B3}
	EndGlobalSection
EndGlobal
