Microsoft Visual Studio Solution File, Format Version 12.00
# Visual Studio Version 17
VisualStudioVersion = 17.5.2.0
MinimumVisualStudioVersion = 10.0.40219.1
Project("{FAE04EC0-301F-11D3-BF4B-00C04F79EFBC}") = "TwinsTest", "TwinsTest.csproj", "{57A8DBC0-0632-C178-5235-2E19F9BA2F6A}"
EndProject
Global
	GlobalSection(SolutionConfigurationPlatforms) = preSolution
		Debug|Any CPU = Debug|Any CPU
		Release|Any CPU = Release|Any CPU
	EndGlobalSection
	GlobalSection(ProjectConfigurationPlatforms) = postSolution
		{57A8DBC0-0632-C178-5235-2E19F9BA2F6A}.Debug|Any CPU.ActiveCfg = Debug|Any CPU
		{57A8DBC0-0632-C178-5235-2E19F9BA2F6A}.Debug|Any CPU.Build.0 = Debug|Any CPU
		{57A8DBC0-0632-C178-5235-2E19F9BA2F6A}.Release|Any CPU.ActiveCfg = Release|Any CPU
		{57A8DBC0-0632-C178-5235-2E19F9BA2F6A}.Release|Any CPU.Build.0 = Release|Any CPU
	EndGlobalSection
	GlobalSection(SolutionProperties) = preSolution
		HideSolutionNode = FALSE
	EndGlobalSection
	GlobalSection(ExtensibilityGlobals) = postSolution
		SolutionGuid = {8C1E82B5-F65C-4408-BF2F-BAF4E3E19CE4}
	EndGlobalSection
EndGlobal
