Microsoft Visual Studio Solution File, Format Version 12.00
# Visual Studio Version 17
VisualStudioVersion = 17.5.2.0
MinimumVisualStudioVersion = 10.0.40219.1
Project("{FAE04EC0-301F-11D3-BF4B-00C04F79EFBC}") = "Twins", "Twins.csproj", "{165B6258-4468-4395-2CE1-814173D0FFBA}"
EndProject
Global
	GlobalSection(SolutionConfigurationPlatforms) = preSolution
		Debug|Any CPU = Debug|Any CPU
		Release|Any CPU = Release|Any CPU
	EndGlobalSection
	GlobalSection(ProjectConfigurationPlatforms) = postSolution
		{165B6258-4468-4395-2CE1-814173D0FFBA}.Debug|Any CPU.ActiveCfg = Debug|Any CPU
		{165B6258-4468-4395-2CE1-814173D0FFBA}.Debug|Any CPU.Build.0 = Debug|Any CPU
		{165B6258-4468-4395-2CE1-814173D0FFBA}.Release|Any CPU.ActiveCfg = Release|Any CPU
		{165B6258-4468-4395-2CE1-814173D0FFBA}.Release|Any CPU.Build.0 = Release|Any CPU
	EndGlobalSection
	GlobalSection(SolutionProperties) = preSolution
		HideSolutionNode = FALSE
	EndGlobalSection
	GlobalSection(ExtensibilityGlobals) = postSolution
		SolutionGuid = {71E5DECB-9E11-4B88-A0E8-776F63352AA4}
	EndGlobalSection
EndGlobal
